
Microsoft Visual Studio Solution File, Format Version 12.00
# Visual Studio 15
VisualStudioVersion = 15.0.26430.15
MinimumVisualStudioVersion = 10.0.40219.1
Project("{2150E333-8FDC-42A3-9474-1A3956D46DE8}") = "src", "src", "{2CA3FEB3-434B-4998-9165-157B61A69584}"
EndProject
Project("{FAE04EC0-301F-11D3-BF4B-00C04F79EFBC}") = "Collector.Serilog.Enrichers.Author", "src\Collector.Serilog.Enrichers.Author\Collector.Serilog.Enrichers.Author.csproj", "{0B2156A5-F300-4C99-B393-32E5718D6E78}"
EndProject
Global
	GlobalSection(SolutionConfigurationPlatforms) = preSolution
		Debug|Any CPU = Debug|Any CPU
		Release|Any CPU = Release|Any CPU
	EndGlobalSection
	GlobalSection(ProjectConfigurationPlatforms) = postSolution
		{0B2156A5-F300-4C99-B393-32E5718D6E78}.Debug|Any CPU.ActiveCfg = Debug|Any CPU
		{0B2156A5-F300-4C99-B393-32E5718D6E78}.Debug|Any CPU.Build.0 = Debug|Any CPU
		{0B2156A5-F300-4C99-B393-32E5718D6E78}.Release|Any CPU.ActiveCfg = Release|Any CPU
		{0B2156A5-F300-4C99-B393-32E5718D6E78}.Release|Any CPU.Build.0 = Release|Any CPU
	EndGlobalSection
	GlobalSection(SolutionProperties) = preSolution
		HideSolutionNode = FALSE
	EndGlobalSection
	GlobalSection(NestedProjects) = preSolution
		{0B2156A5-F300-4C99-B393-32E5718D6E78} = {2CA3FEB3-434B-4998-9165-157B61A69584}
	EndGlobalSection
EndGlobal
